[[package]]
category = "main"
description = "A small Python module for determining appropriate platform-specific dirs, e.g. a \"user data dir\"."
name = "appdirs"
optional = false
python-versions = "*"
version = "1.4.3"

[[package]]
category = "dev"
description = "Optional static typing for Python (mypyc-compiled version)"
name = "mypy"
optional = false
python-versions = "*"
version = "0.701"

[package.dependencies]
mypy-extensions = ">=0.4.0,<0.5.0"
typed-ast = ">=1.3.1,<1.4.0"

[[package]]
category = "dev"
description = "Experimental type system extensions for programs checked with the mypy typechecker."
name = "mypy-extensions"
optional = false
python-versions = "*"
version = "0.4.1"

[[package]]
category = "main"
description = "Patch asyncio to allow nested event loops"
name = "nest-asyncio"
optional = false
python-versions = ">=3.5"
version = "1.0.0"

[[package]]
category = "main"
description = "Python Imaging Library (Fork)"
name = "pillow"
optional = false
python-versions = ">=2.7, !=3.0.*, !=3.1.*, !=3.2.*, !=3.3.*, !=3.4.*"
version = "6.0.0"

[[package]]
category = "main"
description = "A port of node.js's EventEmitter to python."
name = "pyee"
optional = false
python-versions = "*"
version = "6.0.0"

[[package]]
category = "main"
description = "Headless chrome/chromium automation library (unofficial port of puppeteer)"
name = "pyppeteer"
optional = false
python-versions = ">=3.5"
version = "0.0.25"

[package.dependencies]
appdirs = "*"
pyee = "*"
tqdm = "*"
urllib3 = "*"
websockets = "*"

[[package]]
category = "main"
description = "Python bindings for Selenium"
name = "selenium"
optional = false
python-versions = "*"
version = "3.141.0"

[package.dependencies]
urllib3 = "*"

[[package]]
category = "main"
description = "Fast, Extensible Progress Meter"
name = "tqdm"
optional = false
python-versions = ">=2.6, !=3.0.*, !=3.1.*"
version = "4.32.1"

[[package]]
category = "dev"
description = "a fork of Python 2 and 3 ast modules with type comment support"
name = "typed-ast"
optional = false
python-versions = "*"
version = "1.3.5"

[[package]]
category = "main"
description = "HTTP library with thread-safe connection pooling, file post, and more."
name = "urllib3"
optional = false
python-versions = ">=2.7, !=3.0.*, !=3.1.*, !=3.2.*, !=3.3.*, <4"
version = "1.25.3"

[[package]]
category = "main"
description = "An implementation of the WebSocket Protocol (RFC 6455 & 7692)"
name = "websockets"
optional = false
python-versions = ">=3.4"
version = "6.0"

[metadata]
content-hash = "9cb064f79ac56456233659e21b8606eeedd180ccd779849c5fe8d4feea30ad18"
python-versions = "^3.6"

[metadata.hashes]
appdirs = ["9e5896d1372858f8dd3344faf4e5014d21849c756c8d5701f78f8a103b372d92", "d8b24664561d0d34ddfaec54636d502d7cea6e29c3eaf68f3df6180863e2166e"]
mypy = ["2afe51527b1f6cdc4a5f34fc90473109b22bf7f21086ba3e9451857cf11489e6", "56a16df3e0abb145d8accd5dbb70eba6c4bd26e2f89042b491faa78c9635d1e2", "5764f10d27b2e93c84f70af5778941b8f4aa1379b2430f85c827e0f5464e8714", "5bbc86374f04a3aa817622f98e40375ccb28c4836f36b66706cf3c6ccce86eda", "6a9343089f6377e71e20ca734cd8e7ac25d36478a9df580efabfe9059819bf82", "6c9851bc4a23dc1d854d3f5dfd5f20a016f8da86bcdbb42687879bb5f86434b0", "b8e85956af3fcf043d6f87c91cbe8705073fc67029ba6e22d3468bfee42c4823", "b9a0af8fae490306bc112229000aa0c2ccc837b49d29a5c42e088c132a2334dd", "bbf643528e2a55df2c1587008d6e3bda5c0445f1240dfa85129af22ae16d7a9a", "c46ab3438bd21511db0f2c612d89d8344154c0c9494afc7fbc932de514cf8d15", "f7a83d6bd805855ef83ec605eb01ab4fa42bcef254b13631e451cbb44914a9b0"]
mypy-extensions = ["37e0e956f41369209a3d5f34580150bcacfabaa57b33a15c0b25f4b5725e0812", "b16cabe759f55e3409a7d231ebd2841378fb0c27a5d1994719e340e4f429ac3e"]
nest-asyncio = ["485a69ec0b96fa2da676913c5047de929742878eac4cbcefbe222bc499d7998b", "bd1cb7df2ea979e57d8ad02493ad85f9afbf1fcea3dfe34239da8c0dda98087e"]
pillow = ["0683e80d81e840d401b687ebc00a02bbb23d0793c34d0852a5af64cfa1589540", "09c4e81c3277199898e8dc2d85d94febad87c41251ecbd447ba7d64d94765bd8", "0ee74a23022af9baf997e3016b4e090e4ff08688d37a6f49010338ab46cfe101", "10860baedfe5da7c43cd17835b091494dcc59dda5ad176a011713fe398ea6ac2", "15c056bfa284c30a7f265a41ac4cbbc93bdbfc0dfe0613b9cb8a8581b51a9e55", "1a4e06ba4f74494ea0c58c24de2bb752818e9d504474ec95b0aa94f6b0a7e479", "1c3c707c76be43c9e99cb7e3d5f1bee1c8e5be8b8a2a5eeee665efbf8ddde91a", "1fd0b290203e3b0882d9605d807b03c0f47e3440f97824586c173eca0aadd99d", "24114e4a6e1870c5a24b1da8f60d0ba77a0b4027907860188ea82bd3508c80eb", "258d886a49b6b058cd7abb0ab4b2b85ce78669a857398e83e8b8e28b317b5abb", "2734c55f7d054b0ad889c971136cbb0a5b35a921e27beaa44fdc2436af529c6e", "2ac36ec56727a95bd5a04dfca6abce1db8042c31ee73b65796a42f31fd52d009", "2bc1002b573d107c0b172a5da0f34b4900b2ddc6c3296b82d601e966d5ac1959", "33c79b6dd6bc7f65079ab9ca5bebffb5f5d1141c689c9c6a7855776d1b09b7e8", "367385fc797b2c31564c427430c7a8630db1a00bd040555dfc1d5c52e39fcd72", "3c1884ff078fb8bf5f63d7d86921838b82ed4a7d0c027add773c2f38b3168754", "44e5240e8f4f8861d748f2a58b3f04daadab5e22bfec896bf5434745f788f33f", "46aa988e15f3ea72dddd81afe3839437b755fffddb5e173886f11460be909dce", "492e1e4df823b57f9334f591c78a1e0e65a361e92594534e0568eeeeea56bbba", "50fb9e25d25cfcb50b2e6842c4e104e4f0b424be4624e1724532bf005c67589a", "5ceadd60dbd1e56ab7faffbfee1df5ecb83c3f0420e47f652cd5306d70eb0296", "74d90d499c9c736d52dd6d9b7221af5665b9c04f1767e35f5dd8694324bd4601", "7eeac51fc37e6b19631a4b8e38b8261a074efcf7cc27fc16a6bee4697af7aaa5", "809c0a2ce9032cbcd7b5313f71af4bdc5c8c771cb86eb7559afd954cab82ebb5", "85d1ef2cdafd5507c4221d201aaf62fc9276f8b0f71bd3933363e62a33abc734", "8c3889c7681af77ecfa4431cd42a2885d093ecb811e81fbe5e203abc07e0995b", "9218d81b9fca98d2c47d35d688a0cea0c42fd473159dfd5612dcb0483c63e40b", "9319215530e236822169cbe92426cdc18d16b88c943fdf365a6309a89876e335", "96ec275c83bf839972d6a7dd7d685fdfb6a3233c3c382ecff839d04e7d53955d", "9aa4f3827992288edd37c9df345783a69ef58bd20cc02e64b36e44bcd157bbf1", "9d80f44137a70b6f84c750d11019a3419f409c944526a95219bea0ac31f4dd91", "b7ebd36128a2fe93991293f997e44be9286503c7530ace6a55b938b20be288d8", "c30857e1fbf7d4a4b79d7d376eefaf293ea4307b8293d00a62e6f517f51bfe9b", "c4c78e2c71c257c136cdd43869fd3d5e34fc2162dc22e4a5406b0ebe86958239", "c5472ea3945e8f9eb0659f37fc1f592fd06f4f725f0f03774a8999ad8c130334", "c6a842537f887be1fe115d8abb5daa9bc8cc124e455ff995830cc785624a97af", "cf0a2e040fdf5a6d95f4c286c6ef1df6b36c218b528c8a9158ec2452a804b9b8", "cfd28aad6fc61f7a5d4ee556a997dc6e5555d9381d1390c00ecaf984d57e4232", "d0fd1ec2e7c3e0aeaae999efe83f5d0f42c1160a1f8be5120d40857d20baa452", "dca5660e25932771460d4688ccbb515677caaf8595f3f3240ec16c117deff89a", "de7aedc85918c2f887886442e50f52c1b93545606317956d65f342bd81cb4fc3", "e6c0bbf8e277b74196e3140c35f9a1ae3eafd818f7f2d3a15819c49135d6c062"]
pyee = ["a9c9b60e8693a260dd942ef5a71358cfcbba15792d5e72caf0e3c891c4e91c3b", "dbe44f61c40a995d2bdfd83d9fcb87ae025882d2c7f366513325e3daa09d7ede"]
pyppeteer = ["51fe769b722a1718043b74d12c20420f29e0dd9eeea2b66652b7f93a9ad465dd"]
selenium = ["2d7131d7bc5a5b99a2d9b04aaf2612c411b03b8ca1b1ee8d3de5845a9be2cb3c", "deaf32b60ad91a4611b98d8002757f29e6f2c2d5fcaf202e1c9ad06d6772300d"]
tqdm = ["0a860bf2683fdbb4812fe539a6c22ea3f1777843ea985cb8c3807db448a0f7ab", "e288416eecd4df19d12407d0c913cbf77aa8009d7fddb18f632aded3bdbdda6b"]
typed-ast = ["132eae51d6ef3ff4a8c47c393a4ef5ebf0d1aecc96880eb5d6c8ceab7017cc9b", "18141c1484ab8784006c839be8b985cfc82a2e9725837b0ecfa0203f71c4e39d", "2baf617f5bbbfe73fd8846463f5aeafc912b5ee247f410700245d68525ec584a", "3d90063f2cbbe39177e9b4d888e45777012652d6110156845b828908c51ae462", "4304b2218b842d610aa1a1d87e1dc9559597969acc62ce717ee4dfeaa44d7eee", "4983ede548ffc3541bae49a82675996497348e55bafd1554dc4e4a5d6eda541a", "5315f4509c1476718a4825f45a203b82d7fdf2a6f5f0c8f166435975b1c9f7d4", "6cdfb1b49d5345f7c2b90d638822d16ba62dc82f7616e9b4caa10b72f3f16649", "7b325f12635598c604690efd7a0197d0b94b7d7778498e76e0710cd582fd1c7a", "8d3b0e3b8626615826f9a626548057c5275a9733512b137984a68ba1598d3d2f", "8f8631160c79f53081bd23446525db0bc4c5616f78d04021e6e434b286493fd7", "912de10965f3dc89da23936f1cc4ed60764f712e5fa603a09dd904f88c996760", "b010c07b975fe853c65d7bbe9d4ac62f1c69086750a574f6292597763781ba18", "c908c10505904c48081a5415a1e295d8403e353e0c14c42b6d67f8f97fae6616", "c94dd3807c0c0610f7c76f078119f4ea48235a953512752b9175f9f98f5ae2bd", "ce65dee7594a84c466e79d7fb7d3303e7295d16a83c22c7c4037071b059e2c21", "eaa9cfcb221a8a4c2889be6f93da141ac777eb8819f077e1d09fb12d00a09a93", "f3376bc31bad66d46d44b4e6522c5c21976bf9bca4ef5987bb2bf727f4506cbb", "f9202fa138544e13a4ec1a6792c35834250a85958fde1251b6a22e07d1260ae7"]
urllib3 = ["b246607a25ac80bedac05c6f282e3cdaf3afb65420fd024ac94435cabe6e18d1", "dbe59173209418ae49d485b87d1681aefa36252ee85884c31346debd19463232"]
websockets = ["0e2f7d6567838369af074f0ef4d0b802d19fa1fee135d864acc656ceefa33136", "2a16dac282b2fdae75178d0ed3d5b9bc3258dabfae50196cbb30578d84b6f6a6", "5a1fa6072405648cb5b3688e9ed3b94be683ce4a4e5723e6f5d34859dee495c1", "5c1f55a1274df9d6a37553fef8cff2958515438c58920897675c9bc70f5a0538", "669d1e46f165e0ad152ed8197f7edead22854a6c90419f544e0f234cc9dac6c4", "695e34c4dbea18d09ab2c258994a8bf6a09564e762655408241f6a14592d2908", "6b2e03d69afa8d20253455e67b64de1a82ff8612db105113cccec35d3f8429f0", "79ca7cdda7ad4e3663ea3c43bfa8637fc5d5604c7737f19a8964781abbd1148d", "7fd2dd9a856f72e6ed06f82facfce01d119b88457cd4b47b7ae501e8e11eba9c", "82c0354ac39379d836719a77ee360ef865377aa6fdead87909d50248d0f05f4d", "8f3b956d11c5b301206382726210dc1d3bee1a9ccf7aadf895aaf31f71c3716c", "91ec98640220ae05b34b79ee88abf27f97ef7c61cf525eec57ea8fcea9f7dddb", "952be9540d83dba815569d5cb5f31708801e0bbfc3a8c5aef1890b57ed7e58bf", "99ac266af38ba1b1fe13975aea01ac0e14bb5f3a3200d2c69f05385768b8568e", "9fa122e7adb24232247f8a89f2d9070bf64b7869daf93ac5e19546b409e47e96", "a0873eadc4b8ca93e2e848d490809e0123eea154aa44ecd0109c4d0171869584", "cb998bd4d93af46b8b49ecf5a72c0a98e5cc6d57fdca6527ba78ad89d6606484", "e02e57346f6a68523e3c43bbdf35dde5c440318d1f827208ae455f6a2ace446d", "e79a5a896bcee7fff24a788d72e5c69f13e61369d055f28113e71945a7eb1559", "ee55eb6bcf23ecc975e6b47c127c201b913598f38b6a300075f84eeef2d3baff", "f1414e6cbcea8d22843e7eafdfdfae3dd1aba41d1945f6ca66e4806c07c4f454"]
